// !$*UTF8*$!
{
	archiveVersion = 1;
	classes = {
	};
	objectVersion = 56;
	objects = {

/* Begin PBXBuildFile section */
		04BF614A2C6A40D4004F16EC /* TestProjectApp.swift in Sources */ = {isa = PBXBuildFile; fileRef = 04BF61492C6A40D4004F16EC /* TestProjectApp.swift */; };
		04BF614C2C6A40D4004F16EC /* ContentView.swift in Sources */ = {isa = PBXBuildFile; fileRef = 04BF614B2C6A40D4004F16EC /* ContentView.swift */; };
		04BF614E2C6A40D5004F16EC /* Assets.xcassets in Resources */ = {isa = PBXBuildFile; fileRef = 04BF614D2C6A40D5004F16EC /* Assets.xcassets */; };
		04BF61512C6A40D5004F16EC /* Preview Assets.xcassets in Resources */ = {isa = PBXBuildFile; fileRef = 04BF61502C6A40D5004F16EC /* Preview Assets.xcassets */; };
		04BF615B2C6A40D5004F16EC /* TestProjectTests.swift in Sources */ = {isa = PBXBuildFile; fileRef = 04BF615A2C6A40D5004F16EC /* TestProjectTests.swift */; };
		04BF61652C6A40D5004F16EC /* TestProjectUITests.swift in Sources */ = {isa = PBXBuildFile; fileRef = 04BF61642C6A40D5004F16EC /* TestProjectUITests.swift */; };
		04BF61672C6A40D5004F16EC /* TestProjectUITestsLaunchTests.swift in Sources */ = {isa = PBXBuildFile; fileRef = 04BF61662C6A40D5004F16EC /* TestProjectUITestsLaunchTests.swift */; };
		04BF61742C6A45D6004F16EC /* ProductCard.swift in Sources */ = {isa = PBXBuildFile; fileRef = 04BF61732C6A45D6004F16EC /* ProductCard.swift */; };
		04BF61762C6A469C004F16EC /* Product.swift in Sources */ = {isa = PBXBuildFile; fileRef = 04BF61752C6A469C004F16EC /* Product.swift */; };
		04BF61782C6A633B004F16EC /* ProductViewModel.swift in Sources */ = {isa = PBXBuildFile; fileRef = 04BF61772C6A633B004F16EC /* ProductViewModel.swift */; };
		04CB72702C6D54E8009CFD7E /* UnitSwitcher.swift in Sources */ = {isa = PBXBuildFile; fileRef = 04CB726F2C6D54E8009CFD7E /* UnitSwitcher.swift */; };
		04CB72722C6D5507009CFD7E /* AddToCartButton.swift in Sources */ = {isa = PBXBuildFile; fileRef = 04CB72712C6D5507009CFD7E /* AddToCartButton.swift */; };
		04CB72742C75E90F009CFD7E /* ProductHorizontalView.swift in Sources */ = {isa = PBXBuildFile; fileRef = 04CB72732C75E90F009CFD7E /* ProductHorizontalView.swift */; };
		04CB72762C75FFC7009CFD7E /* Cart.swift in Sources */ = {isa = PBXBuildFile; fileRef = 04CB72752C75FFC7009CFD7E /* Cart.swift */; };
		04CB72782C75FFF5009CFD7E /* CartView.swift in Sources */ = {isa = PBXBuildFile; fileRef = 04CB72772C75FFF5009CFD7E /* CartView.swift */; };
		04CB727A2C760FAE009CFD7E /* ProductRaw.swift in Sources */ = {isa = PBXBuildFile; fileRef = 04CB72792C760FAE009CFD7E /* ProductRaw.swift */; };
		04CB727C2C760FD8009CFD7E /* CustomCornerRadius.swift in Sources */ = {isa = PBXBuildFile; fileRef = 04CB727B2C760FD8009CFD7E /* CustomCornerRadius.swift */; };
/* End PBXBuildFile section */

/* Begin PBXContainerItemProxy section */
		04BF61572C6A40D5004F16EC /* PBXContainerItemProxy */ = {
			isa = PBXContainerItemProxy;
			containerPortal = 04BF613E2C6A40D4004F16EC /* Project object */;
			proxyType = 1;
			remoteGlobalIDString = 04BF61452C6A40D4004F16EC;
			remoteInfo = TestProject;
		};
		04BF61612C6A40D5004F16EC /* PBXContainerItemProxy */ = {
			isa = PBXContainerItemProxy;
			containerPortal = 04BF613E2C6A40D4004F16EC /* Project object */;
			proxyType = 1;
			remoteGlobalIDString = 04BF61452C6A40D4004F16EC;
			remoteInfo = TestProject;
		};
/* End PBXContainerItemProxy section */

/* Begin PBXFileReference section */
		04BF61462C6A40D4004F16EC /* TestProject.app */ = {isa = PBXFileReference; explicitFileType = wrapper.application; includeInIndex = 0; path = TestProject.app; sourceTree = BUILT_PRODUCTS_DIR; };
		04BF61492C6A40D4004F16EC /* TestProjectApp.swift */ = {isa = PBXFileReference; lastKnownFileType = sourcecode.swift; path = TestProjectApp.swift; sourceTree = "<group>"; };
		04BF614B2C6A40D4004F16EC /* ContentView.swift */ = {isa = PBXFileReference; lastKnownFileType = sourcecode.swift; path = ContentView.swift; sourceTree = "<group>"; };
		04BF614D2C6A40D5004F16EC /* Assets.xcassets */ = {isa = PBXFileReference; lastKnownFileType = folder.assetcatalog; path = Assets.xcassets; sourceTree = "<group>"; };
		04BF61502C6A40D5004F16EC /* Preview Assets.xcassets */ = {isa = PBXFileReference; lastKnownFileType = folder.assetcatalog; path = "Preview Assets.xcassets"; sourceTree = "<group>"; };
		04BF61562C6A40D5004F16EC /* TestProjectTests.xctest */ = {isa = PBXFileReference; explicitFileType = wrapper.cfbundle; includeInIndex = 0; path = TestProjectTests.xctest; sourceTree = BUILT_PRODUCTS_DIR; };
		04BF615A2C6A40D5004F16EC /* TestProjectTests.swift */ = {isa = PBXFileReference; lastKnownFileType = sourcecode.swift; path = TestProjectTests.swift; sourceTree = "<group>"; };
		04BF61602C6A40D5004F16EC /* TestProjectUITests.xctest */ = {isa = PBXFileReference; explicitFileType = wrapper.cfbundle; includeInIndex = 0; path = TestProjectUITests.xctest; sourceTree = BUILT_PRODUCTS_DIR; };
		04BF61642C6A40D5004F16EC /* TestProjectUITests.swift */ = {isa = PBXFileReference; lastKnownFileType = sourcecode.swift; path = TestProjectUITests.swift; sourceTree = "<group>"; };
		04BF61662C6A40D5004F16EC /* TestProjectUITestsLaunchTests.swift */ = {isa = PBXFileReference; lastKnownFileType = sourcecode.swift; path = TestProjectUITestsLaunchTests.swift; sourceTree = "<group>"; };
		04BF61732C6A45D6004F16EC /* ProductCard.swift */ = {isa = PBXFileReference; lastKnownFileType = sourcecode.swift; path = ProductCard.swift; sourceTree = "<group>"; };
		04BF61752C6A469C004F16EC /* Product.swift */ = {isa = PBXFileReference; lastKnownFileType = sourcecode.swift; path = Product.swift; sourceTree = "<group>"; };
		04BF61772C6A633B004F16EC /* ProductViewModel.swift */ = {isa = PBXFileReference; lastKnownFileType = sourcecode.swift; path = ProductViewModel.swift; sourceTree = "<group>"; };
		04CB726F2C6D54E8009CFD7E /* UnitSwitcher.swift */ = {isa = PBXFileReference; lastKnownFileType = sourcecode.swift; path = UnitSwitcher.swift; sourceTree = "<group>"; };
		04CB72712C6D5507009CFD7E /* AddToCartButton.swift */ = {isa = PBXFileReference; lastKnownFileType = sourcecode.swift; path = AddToCartButton.swift; sourceTree = "<group>"; };
		04CB72732C75E90F009CFD7E /* ProductHorizontalView.swift */ = {isa = PBXFileReference; lastKnownFileType = sourcecode.swift; path = ProductHorizontalView.swift; sourceTree = "<group>"; };
		04CB72752C75FFC7009CFD7E /* Cart.swift */ = {isa = PBXFileReference; lastKnownFileType = sourcecode.swift; path = Cart.swift; sourceTree = "<group>"; };
		04CB72772C75FFF5009CFD7E /* CartView.swift */ = {isa = PBXFileReference; lastKnownFileType = sourcecode.swift; path = CartView.swift; sourceTree = "<group>"; };
		04CB72792C760FAE009CFD7E /* ProductRaw.swift */ = {isa = PBXFileReference; lastKnownFileType = sourcecode.swift; path = ProductRaw.swift; sourceTree = "<group>"; };
		04CB727B2C760FD8009CFD7E /* CustomCornerRadius.swift */ = {isa = PBXFileReference; lastKnownFileType = sourcecode.swift; path = CustomCornerRadius.swift; sourceTree = "<group>"; };
/* End PBXFileReference section */

/* Begin PBXFrameworksBuildPhase section */
		04BF61432C6A40D4004F16EC /* Frameworks */ = {
			isa = PBXFrameworksBuildPhase;
			buildActionMask = 2147483647;
			files = (
			);
			runOnlyForDeploymentPostprocessing = 0;
		};
		04BF61532C6A40D5004F16EC /* Frameworks */ = {
			isa = PBXFrameworksBuildPhase;
			buildActionMask = 2147483647;
			files = (
			);
			runOnlyForDeploymentPostprocessing = 0;
		};
		04BF615D2C6A40D5004F16EC /* Frameworks */ = {
			isa = PBXFrameworksBuildPhase;
			buildActionMask = 2147483647;
			files = (
			);
			runOnlyForDeploymentPostprocessing = 0;
		};
/* End PBXFrameworksBuildPhase section */

/* Begin PBXGroup section */
		04BF613D2C6A40D4004F16EC = {
			isa = PBXGroup;
			children = (
				04BF61482C6A40D4004F16EC /* TestProject */,
				04BF61592C6A40D5004F16EC /* TestProjectTests */,
				04BF61632C6A40D5004F16EC /* TestProjectUITests */,
				04BF61472C6A40D4004F16EC /* Products */,
			);
			sourceTree = "<group>";
		};
		04BF61472C6A40D4004F16EC /* Products */ = {
			isa = PBXGroup;
			children = (
				04BF61462C6A40D4004F16EC /* TestProject.app */,
				04BF61562C6A40D5004F16EC /* TestProjectTests.xctest */,
				04BF61602C6A40D5004F16EC /* TestProjectUITests.xctest */,
			);
			name = Products;
			sourceTree = "<group>";
		};
		04BF61482C6A40D4004F16EC /* TestProject */ = {
			isa = PBXGroup;
			children = (
				04CB72802C761BE3009CFD7E /* Views */,
				04CB727F2C761BBE009CFD7E /* Elements */,
				04CB727E2C761B94009CFD7E /* ViewModels */,
				04BF61492C6A40D4004F16EC /* TestProjectApp.swift */,
				04BF614B2C6A40D4004F16EC /* ContentView.swift */,
				04BF614D2C6A40D5004F16EC /* Assets.xcassets */,
				04CB727D2C761B73009CFD7E /* Models */,
				04BF614F2C6A40D5004F16EC /* Preview Content */,
			);
			path = TestProject;
			sourceTree = "<group>";
		};
		04BF614F2C6A40D5004F16EC /* Preview Content */ = {
			isa = PBXGroup;
			children = (
				04BF61502C6A40D5004F16EC /* Preview Assets.xcassets */,
			);
			path = "Preview Content";
			sourceTree = "<group>";
		};
		04BF61592C6A40D5004F16EC /* TestProjectTests */ = {
			isa = PBXGroup;
			children = (
				04BF615A2C6A40D5004F16EC /* TestProjectTests.swift */,
			);
			path = TestProjectTests;
			sourceTree = "<group>";
		};
		04BF61632C6A40D5004F16EC /* TestProjectUITests */ = {
			isa = PBXGroup;
			children = (
				04BF61642C6A40D5004F16EC /* TestProjectUITests.swift */,
				04BF61662C6A40D5004F16EC /* TestProjectUITestsLaunchTests.swift */,
			);
			path = TestProjectUITests;
			sourceTree = "<group>";
		};
		04CB727D2C761B73009CFD7E /* Models */ = {
			isa = PBXGroup;
			children = (
				04CB72752C75FFC7009CFD7E /* Cart.swift */,
				04BF61752C6A469C004F16EC /* Product.swift */,
			);
			path = Models;
			sourceTree = "<group>";
		};
		04CB727E2C761B94009CFD7E /* ViewModels */ = {
			isa = PBXGroup;
			children = (
				04CB72732C75E90F009CFD7E /* ProductHorizontalView.swift */,
				04BF61772C6A633B004F16EC /* ProductViewModel.swift */,
			);
			path = ViewModels;
			sourceTree = "<group>";
		};
		04CB727F2C761BBE009CFD7E /* Elements */ = {
			isa = PBXGroup;
			children = (
				04CB727B2C760FD8009CFD7E /* CustomCornerRadius.swift */,
				04CB72712C6D5507009CFD7E /* AddToCartButton.swift */,
				04CB726F2C6D54E8009CFD7E /* UnitSwitcher.swift */,
			);
			path = Elements;
			sourceTree = "<group>";
		};
		04CB72802C761BE3009CFD7E /* Views */ = {
			isa = PBXGroup;
			children = (
				04CB72792C760FAE009CFD7E /* ProductRaw.swift */,
				04CB72772C75FFF5009CFD7E /* CartView.swift */,
				04BF61732C6A45D6004F16EC /* ProductCard.swift */,
			);
			path = Views;
			sourceTree = "<group>";
		};
/* End PBXGroup section */

/* Begin PBXNativeTarget section */
		04BF61452C6A40D4004F16EC /* TestProject */ = {
			isa = PBXNativeTarget;
			buildConfigurationList = 04BF616A2C6A40D5004F16EC /* Build configuration list for PBXNativeTarget "TestProject" */;
			buildPhases = (
				04BF61422C6A40D4004F16EC /* Sources */,
				04BF61432C6A40D4004F16EC /* Frameworks */,
				04BF61442C6A40D4004F16EC /* Resources */,
			);
			buildRules = (
			);
			dependencies = (
			);
			name = TestProject;
			productName = TestProject;
			productReference = 04BF61462C6A40D4004F16EC /* TestProject.app */;
			productType = "com.apple.product-type.application";
		};
		04BF61552C6A40D5004F16EC /* TestProjectTests */ = {
			isa = PBXNativeTarget;
			buildConfigurationList = 04BF616D2C6A40D5004F16EC /* Build configuration list for PBXNativeTarget "TestProjectTests" */;
			buildPhases = (
				04BF61522C6A40D5004F16EC /* Sources */,
				04BF61532C6A40D5004F16EC /* Frameworks */,
				04BF61542C6A40D5004F16EC /* Resources */,
			);
			buildRules = (
			);
			dependencies = (
				04BF61582C6A40D5004F16EC /* PBXTargetDependency */,
			);
			name = TestProjectTests;
			productName = TestProjectTests;
			productReference = 04BF61562C6A40D5004F16EC /* TestProjectTests.xctest */;
			productType = "com.apple.product-type.bundle.unit-test";
		};
		04BF615F2C6A40D5004F16EC /* TestProjectUITests */ = {
			isa = PBXNativeTarget;
			buildConfigurationList = 04BF61702C6A40D5004F16EC /* Build configuration list for PBXNativeTarget "TestProjectUITests" */;
			buildPhases = (
				04BF615C2C6A40D5004F16EC /* Sources */,
				04BF615D2C6A40D5004F16EC /* Frameworks */,
				04BF615E2C6A40D5004F16EC /* Resources */,
			);
			buildRules = (
			);
			dependencies = (
				04BF61622C6A40D5004F16EC /* PBXTargetDependency */,
			);
			name = TestProjectUITests;
			productName = TestProjectUITests;
			productReference = 04BF61602C6A40D5004F16EC /* TestProjectUITests.xctest */;
			productType = "com.apple.product-type.bundle.ui-testing";
		};
/* End PBXNativeTarget section */

/* Begin PBXProject section */
		04BF613E2C6A40D4004F16EC /* Project object */ = {
			isa = PBXProject;
			attributes = {
				BuildIndependentTargetsInParallel = 1;
				LastSwiftUpdateCheck = 1500;
				LastUpgradeCheck = 1500;
				TargetAttributes = {
					04BF61452C6A40D4004F16EC = {
						CreatedOnToolsVersion = 15.0;
					};
					04BF61552C6A40D5004F16EC = {
						CreatedOnToolsVersion = 15.0;
						TestTargetID = 04BF61452C6A40D4004F16EC;
					};
					04BF615F2C6A40D5004F16EC = {
						CreatedOnToolsVersion = 15.0;
						TestTargetID = 04BF61452C6A40D4004F16EC;
					};
				};
			};
			buildConfigurationList = 04BF61412C6A40D4004F16EC /* Build configuration list for PBXProject "TestProject" */;
			compatibilityVersion = "Xcode 14.0";
			developmentRegion = en;
			hasScannedForEncodings = 0;
			knownRegions = (
				en,
				Base,
			);
			mainGroup = 04BF613D2C6A40D4004F16EC;
			productRefGroup = 04BF61472C6A40D4004F16EC /* Products */;
			projectDirPath = "";
			projectRoot = "";
			targets = (
				04BF61452C6A40D4004F16EC /* TestProject */,
				04BF61552C6A40D5004F16EC /* TestProjectTests */,
				04BF615F2C6A40D5004F16EC /* TestProjectUITests */,
			);
		};
/* End PBXProject section */

/* Begin PBXResourcesBuildPhase section */
		04BF61442C6A40D4004F16EC /* Resources */ = {
			isa = PBXResourcesBuildPhase;
			buildActionMask = 2147483647;
			files = (
				04BF61512C6A40D5004F16EC /* Preview Assets.xcassets in Resources */,
				04BF614E2C6A40D5004F16EC /* Assets.xcassets in Resources */,
			);
			runOnlyForDeploymentPostprocessing = 0;
		};
		04BF61542C6A40D5004F16EC /* Resources */ = {
			isa = PBXResourcesBuildPhase;
			buildActionMask = 2147483647;
			files = (
			);
			runOnlyForDeploymentPostprocessing = 0;
		};
		04BF615E2C6A40D5004F16EC /* Resources */ = {
			isa = PBXResourcesBuildPhase;
			buildActionMask = 2147483647;
			files = (
			);
			runOnlyForDeploymentPostprocessing = 0;
		};
/* End PBXResourcesBuildPhase section */

/* Begin PBXSourcesBuildPhase section */
		04BF61422C6A40D4004F16EC /* Sources */ = {
			isa = PBXSourcesBuildPhase;
			buildActionMask = 2147483647;
			files = (
				04CB72782C75FFF5009CFD7E /* CartView.swift in Sources */,
				04CB727A2C760FAE009CFD7E /* ProductRaw.swift in Sources */,
				04BF614C2C6A40D4004F16EC /* ContentView.swift in Sources */,
				04CB72762C75FFC7009CFD7E /* Cart.swift in Sources */,
				04BF61762C6A469C004F16EC /* Product.swift in Sources */,
				04CB72702C6D54E8009CFD7E /* UnitSwitcher.swift in Sources */,
				04CB72722C6D5507009CFD7E /* AddToCartButton.swift in Sources */,
				04CB727C2C760FD8009CFD7E /* CustomCornerRadius.swift in Sources */,
				04CB72742C75E90F009CFD7E /* ProductHorizontalView.swift in Sources */,
				04BF614A2C6A40D4004F16EC /* TestProjectApp.swift in Sources */,
				04BF61742C6A45D6004F16EC /* ProductCard.swift in Sources */,
				04BF61782C6A633B004F16EC /* ProductViewModel.swift in Sources */,
			);
			runOnlyForDeploymentPostprocessing = 0;
		};
		04BF61522C6A40D5004F16EC /* Sources */ = {
			isa = PBXSourcesBuildPhase;
			buildActionMask = 2147483647;
			files = (
				04BF615B2C6A40D5004F16EC /* TestProjectTests.swift in Sources */,
			);
			runOnlyForDeploymentPostprocessing = 0;
		};
		04BF615C2C6A40D5004F16EC /* Sources */ = {
			isa = PBXSourcesBuildPhase;
			buildActionMask = 2147483647;
			files = (
				04BF61672C6A40D5004F16EC /* TestProjectUITestsLaunchTests.swift in Sources */,
				04BF61652C6A40D5004F16EC /* TestProjectUITests.swift in Sources */,
			);
			runOnlyForDeploymentPostprocessing = 0;
		};
/* End PBXSourcesBuildPhase section */

/* Begin PBXTargetDependency section */
		04BF61582C6A40D5004F16EC /* PBXTargetDependency */ = {
			isa = PBXTargetDependency;
			target = 04BF61452C6A40D4004F16EC /* TestProject */;
			targetProxy = 04BF61572C6A40D5004F16EC /* PBXContainerItemProxy */;
		};
		04BF61622C6A40D5004F16EC /* PBXTargetDependency */ = {
			isa = PBXTargetDependency;
			target = 04BF61452C6A40D4004F16EC /* TestProject */;
			targetProxy = 04BF61612C6A40D5004F16EC /* PBXContainerItemProxy */;
		};
/* End PBXTargetDependency section */

/* Begin XCBuildConfiguration section */
		04BF61682C6A40D5004F16EC /* Debug */ = {
			isa = XCBuildConfiguration;
			buildSettings = {
				ALWAYS_SEARCH_USER_PATHS = NO;
				ASSETCATALOG_COMPILER_GENERATE_SWIFT_ASSET_SYMBOL_EXTENSIONS = YES;
				CLANG_ANALYZER_NONNULL = YES;
				CLANG_ANALYZER_NUMBER_OBJECT_CONVERSION = YES_AGGRESSIVE;
				CLANG_CXX_LANGUAGE_STANDARD = "gnu++20";
				CLANG_ENABLE_MODULES = YES;
				CLANG_ENABLE_OBJC_ARC = YES;
				CLANG_ENABLE_OBJC_WEAK = YES;
				CLANG_WARN_BLOCK_CAPTURE_AUTORELEASING = YES;
				CLANG_WARN_BOOL_CONVERSION = YES;
				CLANG_WARN_COMMA = YES;
				CLANG_WARN_CONSTANT_CONVERSION = YES;
				CLANG_WARN_DEPRECATED_OBJC_IMPLEMENTATIONS = YES;
				CLANG_WARN_DIRECT_OBJC_ISA_USAGE = YES_ERROR;
				CLANG_WARN_DOCUMENTATION_COMMENTS = YES;
				CLANG_WARN_EMPTY_BODY = YES;
				CLANG_WARN_ENUM_CONVERSION = YES;
				CLANG_WARN_INFINITE_RECURSION = YES;
				CLANG_WARN_INT_CONVERSION = YES;
				CLANG_WARN_NON_LITERAL_NULL_CONVERSION = YES;
				CLANG_WARN_OBJC_IMPLICIT_RETAIN_SELF = YES;
				CLANG_WARN_OBJC_LITERAL_CONVERSION = YES;
				CLANG_WARN_OBJC_ROOT_CLASS = YES_ERROR;
				CLANG_WARN_QUOTED_INCLUDE_IN_FRAMEWORK_HEADER = YES;
				CLANG_WARN_RANGE_LOOP_ANALYSIS = YES;
				CLANG_WARN_STRICT_PROTOTYPES = YES;
				CLANG_WARN_SUSPICIOUS_MOVE = YES;
				CLANG_WARN_UNGUARDED_AVAILABILITY = YES_AGGRESSIVE;
				CLANG_WARN_UNREACHABLE_CODE = YES;
				CLANG_WARN__DUPLICATE_METHOD_MATCH = YES;
				COPY_PHASE_STRIP = NO;
				DEBUG_INFORMATION_FORMAT = dwarf;
				ENABLE_STRICT_OBJC_MSGSEND = YES;
				ENABLE_TESTABILITY = YES;
				ENABLE_USER_SCRIPT_SANDBOXING = YES;
				GCC_C_LANGUAGE_STANDARD = gnu17;
				GCC_DYNAMIC_NO_PIC = NO;
				GCC_NO_COMMON_BLOCKS = YES;
				GCC_OPTIMIZATION_LEVEL = 0;
				GCC_PREPROCESSOR_DEFINITIONS = (
					"DEBUG=1",
					"$(inherited)",
				);
				GCC_WARN_64_TO_32_BIT_CONVERSION = YES;
				GCC_WARN_ABOUT_RETURN_TYPE = YES_ERROR;
				GCC_WARN_UNDECLARED_SELECTOR = YES;
				GCC_WARN_UNINITIALIZED_AUTOS = YES_AGGRESSIVE;
				GCC_WARN_UNUSED_FUNCTION = YES;
				GCC_WARN_UNUSED_VARIABLE = YES;
				IPHONEOS_DEPLOYMENT_TARGET = 17.0;
				LOCALIZATION_PREFERS_STRING_CATALOGS = YES;
				MTL_ENABLE_DEBUG_INFO = INCLUDE_SOURCE;
				MTL_FAST_MATH = YES;
				ONLY_ACTIVE_ARCH = YES;
				SDKROOT = iphoneos;
				SWIFT_ACTIVE_COMPILATION_CONDITIONS = "DEBUG $(inherited)";
				SWIFT_OPTIMIZATION_LEVEL = "-Onone";
			};
			name = Debug;
		};
		04BF61692C6A40D5004F16EC /* Release */ = {
			isa = XCBuildConfiguration;
			buildSettings = {
				ALWAYS_SEARCH_USER_PATHS = NO;
				ASSETCATALOG_COMPILER_GENERATE_SWIFT_ASSET_SYMBOL_EXTENSIONS = YES;
				CLANG_ANALYZER_NONNULL = YES;
				CLANG_ANALYZER_NUMBER_OBJECT_CONVERSION = YES_AGGRESSIVE;
				CLANG_CXX_LANGUAGE_STANDARD = "gnu++20";
				CLANG_ENABLE_MODULES = YES;
				CLANG_ENABLE_OBJC_ARC = YES;
				CLANG_ENABLE_OBJC_WEAK = YES;
				CLANG_WARN_BLOCK_CAPTURE_AUTORELEASING = YES;
				CLANG_WARN_BOOL_CONVERSION = YES;
				CLANG_WARN_COMMA = YES;
				CLANG_WARN_CONSTANT_CONVERSION = YES;
				CLANG_WARN_DEPRECATED_OBJC_IMPLEMENTATIONS = YES;
				CLANG_WARN_DIRECT_OBJC_ISA_USAGE = YES_ERROR;
				CLANG_WARN_DOCUMENTATION_COMMENTS = YES;
				CLANG_WARN_EMPTY_BODY = YES;
				CLANG_WARN_ENUM_CONVERSION = YES;
				CLANG_WARN_INFINITE_RECURSION = YES;
				CLANG_WARN_INT_CONVERSION = YES;
				CLANG_WARN_NON_LITERAL_NULL_CONVERSION = YES;
				CLANG_WARN_OBJC_IMPLICIT_RETAIN_SELF = YES;
				CLANG_WARN_OBJC_LITERAL_CONVERSION = YES;
				CLANG_WARN_OBJC_ROOT_CLASS = YES_ERROR;
				CLANG_WARN_QUOTED_INCLUDE_IN_FRAMEWORK_HEADER = YES;
				CLANG_WARN_RANGE_LOOP_ANALYSIS = YES;
				CLANG_WARN_STRICT_PROTOTYPES = YES;
				CLANG_WARN_SUSPICIOUS_MOVE = YES;
				CLANG_WARN_UNGUARDED_AVAILABILITY = YES_AGGRESSIVE;
				CLANG_WARN_UNREACHABLE_CODE = YES;
				CLANG_WARN__DUPLICATE_METHOD_MATCH = YES;
				COPY_PHASE_STRIP = NO;
				DEBUG_INFORMATION_FORMAT = "dwarf-with-dsym";
				ENABLE_NS_ASSERTIONS = NO;
				ENABLE_STRICT_OBJC_MSGSEND = YES;
				ENABLE_USER_SCRIPT_SANDBOXING = YES;
				GCC_C_LANGUAGE_STANDARD = gnu17;
				GCC_NO_COMMON_BLOCKS = YES;
				GCC_WARN_64_TO_32_BIT_CONVERSION = YES;
				GCC_WARN_ABOUT_RETURN_TYPE = YES_ERROR;
				GCC_WARN_UNDECLARED_SELECTOR = YES;
				GCC_WARN_UNINITIALIZED_AUTOS = YES_AGGRESSIVE;
				GCC_WARN_UNUSED_FUNCTION = YES;
				GCC_WARN_UNUSED_VARIABLE = YES;
				IPHONEOS_DEPLOYMENT_TARGET = 17.0;
				LOCALIZATION_PREFERS_STRING_CATALOGS = YES;
				MTL_ENABLE_DEBUG_INFO = NO;
				MTL_FAST_MATH = YES;
				SDKROOT = iphoneos;
				SWIFT_COMPILATION_MODE = wholemodule;
				VALIDATE_PRODUCT = YES;
			};
			name = Release;
		};
		04BF616B2C6A40D5004F16EC /* Debug */ = {
			isa = XCBuildConfiguration;
			buildSettings = {
				ASSETCATALOG_COMPILER_APPICON_NAME = AppIcon;
				ASSETCATALOG_COMPILER_GLOBAL_ACCENT_COLOR_NAME = AccentColor;
				CODE_SIGN_STYLE = Automatic;
				CURRENT_PROJECT_VERSION = 1;
				DEVELOPMENT_ASSET_PATHS = "\"TestProject/Preview Content\"";
				ENABLE_PREVIEWS = YES;
				GENERATE_INFOPLIST_FILE = YES;
				INFOPLIST_KEY_UIApplicationSceneManifest_Generation = YES;
				INFOPLIST_KEY_UIApplicationSupportsIndirectInputEvents = YES;
				INFOPLIST_KEY_UILaunchScreen_Generation = YES;
				INFOPLIST_KEY_UISupportedInterfaceOrientations_iPad = "UIInterfaceOrientationPortrait UIInterfaceOrientationPortraitUpsideDown UIInterfaceOrientationLandscapeLeft UIInterfaceOrientationLandscapeRight";
				INFOPLIST_KEY_UISupportedInterfaceOrientations_iPhone = "UIInterfaceOrientationPortrait UIInterfaceOrientationLandscapeLeft UIInterfaceOrientationLandscapeRight";
				LD_RUNPATH_SEARCH_PATHS = (
					"$(inherited)",
					"@executable_path/Frameworks",
				);
				MARKETING_VERSION = 1.0;
				PRODUCT_BUNDLE_IDENTIFIER = voidcode.TestProject;
				PRODUCT_NAME = "$(TARGET_NAME)";
				SWIFT_EMIT_LOC_STRINGS = YES;
				SWIFT_VERSION = 5.0;
				TARGETED_DEVICE_FAMILY = "1,2";
			};
			name = Debug;
		};
		04BF616C2C6A40D5004F16EC /* Release */ = {
			isa = XCBuildConfiguration;
			buildSettings = {
				ASSETCATALOG_COMPILER_APPICON_NAME = AppIcon;
				ASSETCATALOG_COMPILER_GLOBAL_ACCENT_COLOR_NAME = AccentColor;
				CODE_SIGN_STYLE = Automatic;
				CURRENT_PROJECT_VERSION = 1;
				DEVELOPMENT_ASSET_PATHS = "\"TestProject/Preview Content\"";
				ENABLE_PREVIEWS = YES;
				GENERATE_INFOPLIST_FILE = YES;
				INFOPLIST_KEY_UIApplicationSceneManifest_Generation = YES;
				INFOPLIST_KEY_UIApplicationSupportsIndirectInputEvents = YES;
				INFOPLIST_KEY_UILaunchScreen_Generation = YES;
				INFOPLIST_KEY_UISupportedInterfaceOrientations_iPad = "UIInterfaceOrientationPortrait UIInterfaceOrientationPortraitUpsideDown UIInterfaceOrientationLandscapeLeft UIInterfaceOrientationLandscapeRight";
				INFOPLIST_KEY_UISupportedInterfaceOrientations_iPhone = "UIInterfaceOrientationPortrait UIInterfaceOrientationLandscapeLeft UIInterfaceOrientationLandscapeRight";
				LD_RUNPATH_SEARCH_PATHS = (
					"$(inherited)",
					"@executable_path/Frameworks",
				);
				MARKETING_VERSION = 1.0;
				PRODUCT_BUNDLE_IDENTIFIER = voidcode.TestProject;
				PRODUCT_NAME = "$(TARGET_NAME)";
				SWIFT_EMIT_LOC_STRINGS = YES;
				SWIFT_VERSION = 5.0;
				TARGETED_DEVICE_FAMILY = "1,2";
			};
			name = Release;
		};
		04BF616E2C6A40D5004F16EC /* Debug */ = {
			isa = XCBuildConfiguration;
			buildSettings = {
				ALWAYS_EMBED_SWIFT_STANDARD_LIBRARIES = YES;
				BUNDLE_LOADER = "$(TEST_HOST)";
				CODE_SIGN_STYLE = Automatic;
				CURRENT_PROJECT_VERSION = 1;
				GENERATE_INFOPLIST_FILE = YES;
				IPHONEOS_DEPLOYMENT_TARGET = 17.0;
				MARKETING_VERSION = 1.0;
				PRODUCT_BUNDLE_IDENTIFIER = voidcode.TestProjectTests;
				PRODUCT_NAME = "$(TARGET_NAME)";
				SWIFT_EMIT_LOC_STRINGS = NO;
				SWIFT_VERSION = 5.0;
				TARGETED_DEVICE_FAMILY = "1,2";
				TEST_HOST = "$(BUILT_PRODUCTS_DIR)/TestProject.app/$(BUNDLE_EXECUTABLE_FOLDER_PATH)/TestProject";
			};
			name = Debug;
		};
		04BF616F2C6A40D5004F16EC /* Release */ = {
			isa = XCBuildConfiguration;
			buildSettings = {
				ALWAYS_EMBED_SWIFT_STANDARD_LIBRARIES = YES;
				BUNDLE_LOADER = "$(TEST_HOST)";
				CODE_SIGN_STYLE = Automatic;
				CURRENT_PROJECT_VERSION = 1;
				GENERATE_INFOPLIST_FILE = YES;
				IPHONEOS_DEPLOYMENT_TARGET = 17.0;
				MARKETING_VERSION = 1.0;
				PRODUCT_BUNDLE_IDENTIFIER = voidcode.TestProjectTests;
				PRODUCT_NAME = "$(TARGET_NAME)";
				SWIFT_EMIT_LOC_STRINGS = NO;
				SWIFT_VERSION = 5.0;
				TARGETED_DEVICE_FAMILY = "1,2";
				TEST_HOST = "$(BUILT_PRODUCTS_DIR)/TestProject.app/$(BUNDLE_EXECUTABLE_FOLDER_PATH)/TestProject";
			};
			name = Release;
		};
		04BF61712C6A40D5004F16EC /* Debug */ = {
			isa = XCBuildConfiguration;
			buildSettings = {
				ALWAYS_EMBED_SWIFT_STANDARD_LIBRARIES = YES;
				CODE_SIGN_STYLE = Automatic;
				CURRENT_PROJECT_VERSION = 1;
				GENERATE_INFOPLIST_FILE = YES;
				MARKETING_VERSION = 1.0;
				PRODUCT_BUNDLE_IDENTIFIER = voidcode.TestProjectUITests;
				PRODUCT_NAME = "$(TARGET_NAME)";
				SWIFT_EMIT_LOC_STRINGS = NO;
				SWIFT_VERSION = 5.0;
				TARGETED_DEVICE_FAMILY = "1,2";
				TEST_TARGET_NAME = TestProject;
			};
			name = Debug;
		};
		04BF61722C6A40D5004F16EC /* Release */ = {
			isa = XCBuildConfiguration;
			buildSettings = {
				ALWAYS_EMBED_SWIFT_STANDARD_LIBRARIES = YES;
				CODE_SIGN_STYLE = Automatic;
				CURRENT_PROJECT_VERSION = 1;
				GENERATE_INFOPLIST_FILE = YES;
				MARKETING_VERSION = 1.0;
				PRODUCT_BUNDLE_IDENTIFIER = voidcode.TestProjectUITests;
				PRODUCT_NAME = "$(TARGET_NAME)";
				SWIFT_EMIT_LOC_STRINGS = NO;
				SWIFT_VERSION = 5.0;
				TARGETED_DEVICE_FAMILY = "1,2";
				TEST_TARGET_NAME = TestProject;
			};
			name = Release;
		};
/* End XCBuildConfiguration section */

/* Begin XCConfigurationList section */
		04BF61412C6A40D4004F16EC /* Build configuration list for PBXProject "TestProject" */ = {
			isa = XCConfigurationList;
			buildConfigurations = (
				04BF61682C6A40D5004F16EC /* Debug */,
				04BF61692C6A40D5004F16EC /* Release */,
			);
			defaultConfigurationIsVisible = 0;
			defaultConfigurationName = Release;
		};
		04BF616A2C6A40D5004F16EC /* Build configuration list for PBXNativeTarget "TestProject" */ = {
			isa = XCConfigurationList;
			buildConfigurations = (
				04BF616B2C6A40D5004F16EC /* Debug */,
				04BF616C2C6A40D5004F16EC /* Release */,
			);
			defaultConfigurationIsVisible = 0;
			defaultConfigurationName = Release;
		};
		04BF616D2C6A40D5004F16EC /* Build configuration list for PBXNativeTarget "TestProjectTests" */ = {
			isa = XCConfigurationList;
			buildConfigurations = (
				04BF616E2C6A40D5004F16EC /* Debug */,
				04BF616F2C6A40D5004F16EC /* Release */,
			);
			defaultConfigurationIsVisible = 0;
			defaultConfigurationName = Release;
		};
		04BF61702C6A40D5004F16EC /* Build configuration list for PBXNativeTarget "TestProjectUITests" */ = {
			isa = XCConfigurationList;
			buildConfigurations = (
				04BF61712C6A40D5004F16EC /* Debug */,
				04BF61722C6A40D5004F16EC /* Release */,
			);
			defaultConfigurationIsVisible = 0;
			defaultConfigurationName = Release;
		};
/* End XCConfigurationList section */
	};
	rootObject = 04BF613E2C6A40D4004F16EC /* Project object */;
}
